
Microsoft Visual Studio Solution File, Format Version 12.00
# Visual Studio Version 17
VisualStudioVersion = 17.4.33103.184
MinimumVisualStudioVersion = 10.0.40219.1
Project("{2150E333-8FDC-42A3-9474-1A3956D46DE8}") = "0 - Core", "0 - Core", "{B0A9EBD9-85A3-45E1-8E4B-A078ECC59418}"
EndProject
Project("{2150E333-8FDC-42A3-9474-1A3956D46DE8}") = "1 - WebApp", "1 - WebApp", "{B2969281-09D7-4E89-A9B4-A6F348A4EEBE}"
EndProject
Project("{2150E333-8FDC-42A3-9474-1A3956D46DE8}") = "1 - Domain", "1 - Domain", "{61C584AE-A31E-4872-A8A7-3EA2EC9EB351}"
EndProject
Project("{2150E333-8FDC-42A3-9474-1A3956D46DE8}") = "src", "src", "{2E89C73A-D4B2-4D21-A312-C76E358A2CB2}"
EndProject
Project("{2150E333-8FDC-42A3-9474-1A3956D46DE8}") = "2 - Application", "2 - Application", "{D5247481-ECFA-4138-9977-9452F0127734}"
EndProject
Project("{2150E333-8FDC-42A3-9474-1A3956D46DE8}") = "3 - Presentation", "3 - Presentation", "{8B3893A2-E3DB-40EE-BB41-ECBE7BCD95E3}"
EndProject
Project("{2150E333-8FDC-42A3-9474-1A3956D46DE8}") = "4 - Infrastructure", "4 - Infrastructure", "{55A99C10-CAE1-4964-88E4-3779E72EB57D}"
EndProject
Project("{9A19103F-16F7-4668-BE54-9A1E7A4F7556}") = "Chat.Domain", "Chat.Domain\Chat.Domain.csproj", "{2D20B760-BA51-4ADC-80FB-312FAD922AF5}"
EndProject
Project("{9A19103F-16F7-4668-BE54-9A1E7A4F7556}") = "Chat.Application", "Chat.Application\Chat.Application.csproj", "{54091B50-EC91-4E54-A20E-DB203F2FBB5F}"
EndProject
Project("{9A19103F-16F7-4668-BE54-9A1E7A4F7556}") = "Chat.Core", "Chat.Core\Chat.Core.csproj", "{59E49FE3-EACC-40DA-8608-30867A75F214}"
EndProject
Project("{9A19103F-16F7-4668-BE54-9A1E7A4F7556}") = "Chat.Infrastructure", "Chat.Infrastructure\Chat.Infrastructure.csproj", "{3F316406-FF89-454B-802F-DCCDE66BE481}"
EndProject
Project("{9A19103F-16F7-4668-BE54-9A1E7A4F7556}") = "Chat.WebApp", "Chat.WebApp\Chat.WebApp.csproj", "{704B03B7-362B-4AFA-B82E-C163F07A6933}"
EndProject
Project("{9A19103F-16F7-4668-BE54-9A1E7A4F7556}") = "Chat.Core.SQS.Publisher", "Chat.Core.AWS.SQS\Chat.Core.SQS.Publisher.csproj", "{C3F687CF-9AA7-4C15-9265-0F37AD17F32D}"
EndProject
Project("{FAE04EC0-301F-11D3-BF4B-00C04F79EFBC}") = "Chat.Core.SQS.Consumer", "Chat.Core.SQS.Consumer\Chat.Core.SQS.Consumer.csproj", "{436DE192-663D-4925-BB69-4B183D280CF7}"
EndProject
Global
	GlobalSection(SolutionConfigurationPlatforms) = preSolution
		Debug|Any CPU = Debug|Any CPU
		Release|Any CPU = Release|Any CPU
	EndGlobalSection
	GlobalSection(ProjectConfigurationPlatforms) = postSolution
		{2D20B760-BA51-4ADC-80FB-312FAD922AF5}.Debug|Any CPU.ActiveCfg = Debug|Any CPU
		{2D20B760-BA51-4ADC-80FB-312FAD922AF5}.Debug|Any CPU.Build.0 = Debug|Any CPU
		{2D20B760-BA51-4ADC-80FB-312FAD922AF5}.Release|Any CPU.ActiveCfg = Release|Any CPU
		{2D20B760-BA51-4ADC-80FB-312FAD922AF5}.Release|Any CPU.Build.0 = Release|Any CPU
		{54091B50-EC91-4E54-A20E-DB203F2FBB5F}.Debug|Any CPU.ActiveCfg = Debug|Any CPU
		{54091B50-EC91-4E54-A20E-DB203F2FBB5F}.Debug|Any CPU.Build.0 = Debug|Any CPU
		{54091B50-EC91-4E54-A20E-DB203F2FBB5F}.Release|Any CPU.ActiveCfg = Release|Any CPU
		{54091B50-EC91-4E54-A20E-DB203F2FBB5F}.Release|Any CPU.Build.0 = Release|Any CPU
		{59E49FE3-EACC-40DA-8608-30867A75F214}.Debug|Any CPU.ActiveCfg = Debug|Any CPU
		{59E49FE3-EACC-40DA-8608-30867A75F214}.Debug|Any CPU.Build.0 = Debug|Any CPU
		{59E49FE3-EACC-40DA-8608-30867A75F214}.Release|Any CPU.ActiveCfg = Release|Any CPU
		{59E49FE3-EACC-40DA-8608-30867A75F214}.Release|Any CPU.Build.0 = Release|Any CPU
		{3F316406-FF89-454B-802F-DCCDE66BE481}.Debug|Any CPU.ActiveCfg = Debug|Any CPU
		{3F316406-FF89-454B-802F-DCCDE66BE481}.Debug|Any CPU.Build.0 = Debug|Any CPU
		{3F316406-FF89-454B-802F-DCCDE66BE481}.Release|Any CPU.ActiveCfg = Release|Any CPU
		{3F316406-FF89-454B-802F-DCCDE66BE481}.Release|Any CPU.Build.0 = Release|Any CPU
		{704B03B7-362B-4AFA-B82E-C163F07A6933}.Debug|Any CPU.ActiveCfg = Debug|Any CPU
		{704B03B7-362B-4AFA-B82E-C163F07A6933}.Debug|Any CPU.Build.0 = Debug|Any CPU
		{704B03B7-362B-4AFA-B82E-C163F07A6933}.Release|Any CPU.ActiveCfg = Release|Any CPU
		{704B03B7-362B-4AFA-B82E-C163F07A6933}.Release|Any CPU.Build.0 = Release|Any CPU
		{C3F687CF-9AA7-4C15-9265-0F37AD17F32D}.Debug|Any CPU.ActiveCfg = Debug|Any CPU
		{C3F687CF-9AA7-4C15-9265-0F37AD17F32D}.Debug|Any CPU.Build.0 = Debug|Any CPU
		{C3F687CF-9AA7-4C15-9265-0F37AD17F32D}.Release|Any CPU.ActiveCfg = Release|Any CPU
		{C3F687CF-9AA7-4C15-9265-0F37AD17F32D}.Release|Any CPU.Build.0 = Release|Any CPU
		{436DE192-663D-4925-BB69-4B183D280CF7}.Debug|Any CPU.ActiveCfg = Debug|Any CPU
		{436DE192-663D-4925-BB69-4B183D280CF7}.Debug|Any CPU.Build.0 = Debug|Any CPU
		{436DE192-663D-4925-BB69-4B183D280CF7}.Release|Any CPU.ActiveCfg = Release|Any CPU
		{436DE192-663D-4925-BB69-4B183D280CF7}.Release|Any CPU.Build.0 = Release|Any CPU
	EndGlobalSection
	GlobalSection(SolutionProperties) = preSolution
		HideSolutionNode = FALSE
	EndGlobalSection
	GlobalSection(NestedProjects) = preSolution
		{B0A9EBD9-85A3-45E1-8E4B-A078ECC59418} = {2E89C73A-D4B2-4D21-A312-C76E358A2CB2}
		{B2969281-09D7-4E89-A9B4-A6F348A4EEBE} = {2E89C73A-D4B2-4D21-A312-C76E358A2CB2}
		{61C584AE-A31E-4872-A8A7-3EA2EC9EB351} = {B2969281-09D7-4E89-A9B4-A6F348A4EEBE}
		{D5247481-ECFA-4138-9977-9452F0127734} = {B2969281-09D7-4E89-A9B4-A6F348A4EEBE}
		{8B3893A2-E3DB-40EE-BB41-ECBE7BCD95E3} = {B2969281-09D7-4E89-A9B4-A6F348A4EEBE}
		{55A99C10-CAE1-4964-88E4-3779E72EB57D} = {B2969281-09D7-4E89-A9B4-A6F348A4EEBE}
		{2D20B760-BA51-4ADC-80FB-312FAD922AF5} = {61C584AE-A31E-4872-A8A7-3EA2EC9EB351}
		{54091B50-EC91-4E54-A20E-DB203F2FBB5F} = {D5247481-ECFA-4138-9977-9452F0127734}
		{59E49FE3-EACC-40DA-8608-30867A75F214} = {B0A9EBD9-85A3-45E1-8E4B-A078ECC59418}
		{3F316406-FF89-454B-802F-DCCDE66BE481} = {55A99C10-CAE1-4964-88E4-3779E72EB57D}
		{704B03B7-362B-4AFA-B82E-C163F07A6933} = {8B3893A2-E3DB-40EE-BB41-ECBE7BCD95E3}
		{C3F687CF-9AA7-4C15-9265-0F37AD17F32D} = {B0A9EBD9-85A3-45E1-8E4B-A078ECC59418}
		{436DE192-663D-4925-BB69-4B183D280CF7} = {B0A9EBD9-85A3-45E1-8E4B-A078ECC59418}
	EndGlobalSection
	GlobalSection(ExtensibilityGlobals) = postSolution
		SolutionGuid = {E364EE87-EA40-415C-BF52-45D63B8F5B42}
	EndGlobalSection
EndGlobal
